
Microsoft Visual Studio Solution File, Format Version 12.00
# Visual Studio 15
VisualStudioVersion = 15.0.27004.2002
MinimumVisualStudioVersion = 10.0.40219.1
Project("{888888A0-9F3D-457C-B088-3A5042F75D52}") = "PitchDetector", "PitchDetector\PitchDetector.pyproj", "{350F4A7E-BF29-48E1-B7AC-980CD2E67CAB}"
EndProject
Global
	GlobalSection(SolutionConfigurationPlatforms) = preSolution
		Debug|Any CPU = Debug|Any CPU
		Release|Any CPU = Release|Any CPU
	EndGlobalSection
	GlobalSection(ProjectConfigurationPlatforms) = postSolution
		{350F4A7E-BF29-48E1-B7AC-980CD2E67CAB}.Debug|Any CPU.ActiveCfg = Debug|Any CPU
		{350F4A7E-BF29-48E1-B7AC-980CD2E67CAB}.Release|Any CPU.ActiveCfg = Release|Any CPU
	EndGlobalSection
	GlobalSection(SolutionProperties) = preSolution
		HideSolutionNode = FALSE
	EndGlobalSection
	GlobalSection(ExtensibilityGlobals) = postSolution
		SolutionGuid = {A11700FB-9B66-4852-976E-D90167320942}
	EndGlobalSection
EndGlobal
